
Microsoft Visual Studio Solution File, Format Version 12.00
# Visual Studio Version 17
VisualStudioVersion = 17.3.32929.385
MinimumVisualStudioVersion = 10.0.40219.1
Project("{FAE04EC0-301F-11D3-BF4B-00C04F79EFBC}") = "Contact Manager App", "Contact Manager App\Contact Manager App.csproj", "{98BB72D2-41BD-45E4-ABF0-576F72C48375}"
EndProject
Global
	GlobalSection(SolutionConfigurationPlatforms) = preSolution
		Debug|Any CPU = Debug|Any CPU
		Release|Any CPU = Release|Any CPU
	EndGlobalSection
	GlobalSection(ProjectConfigurationPlatforms) = postSolution
		{98BB72D2-41BD-45E4-ABF0-576F72C48375}.Debug|Any CPU.ActiveCfg = Debug|Any CPU
		{98BB72D2-41BD-45E4-ABF0-576F72C48375}.Debug|Any CPU.Build.0 = Debug|Any CPU
		{98BB72D2-41BD-45E4-ABF0-576F72C48375}.Release|Any CPU.ActiveCfg = Release|Any CPU
		{98BB72D2-41BD-45E4-ABF0-576F72C48375}.Release|Any CPU.Build.0 = Release|Any CPU
	EndGlobalSection
	GlobalSection(SolutionProperties) = preSolution
		HideSolutionNode = FALSE
	EndGlobalSection
	GlobalSection(ExtensibilityGlobals) = postSolution
		SolutionGuid = {124530C8-F600-48FE-AF84-2F865DDF1D2A}
	EndGlobalSection
EndGlobal
